
Microsoft Visual Studio Solution File, Format Version 12.00
# Visual Studio Version 16
VisualStudioVersion = 16.0.31424.327
MinimumVisualStudioVersion = 10.0.40219.1
Project("{FAE04EC0-301F-11D3-BF4B-00C04F79EFBC}") = "FIT5032_MyFirstAPI", "FIT5032_MyFirstAPI.csproj", "{7E1A725C-6322-43FC-9B90-E14E60D902D9}"
EndProject
Global
	GlobalSection(SolutionConfigurationPlatforms) = preSolution
		Debug|Any CPU = Debug|Any CPU
		Release|Any CPU = Release|Any CPU
	EndGlobalSection
	GlobalSection(ProjectConfigurationPlatforms) = postSolution
		{7E1A725C-6322-43FC-9B90-E14E60D902D9}.Debug|Any CPU.ActiveCfg = Debug|Any CPU
		{7E1A725C-6322-43FC-9B90-E14E60D902D9}.Debug|Any CPU.Build.0 = Debug|Any CPU
		{7E1A725C-6322-43FC-9B90-E14E60D902D9}.Release|Any CPU.ActiveCfg = Release|Any CPU
		{7E1A725C-6322-43FC-9B90-E14E60D902D9}.Release|Any CPU.Build.0 = Release|Any CPU
	EndGlobalSection
	GlobalSection(SolutionProperties) = preSolution
		HideSolutionNode = FALSE
	EndGlobalSection
	GlobalSection(ExtensibilityGlobals) = postSolution
		SolutionGuid = {6E28816E-E2D5-431A-8722-FAB5E863CD7E}
	EndGlobalSection
EndGlobal
